
Microsoft Visual Studio Solution File, Format Version 12.00
# Visual Studio Version 17
VisualStudioVersion = 17.6.33829.357
MinimumVisualStudioVersion = 10.0.40219.1
Project("{FAE04EC0-301F-11D3-BF4B-00C04F79EFBC}") = "PwdGenDLL", "PwdGenDLL\PwdGenDLL.csproj", "{046E42D6-9F38-47ED-8AB5-4BE75D0E63CA}"
EndProject
Project("{FAE04EC0-301F-11D3-BF4B-00C04F79EFBC}") = "PwdGenTests", "PwdGenTests\PwdGenTests.csproj", "{B4BBE554-629C-40A8-942D-7C05274C15F2}"
EndProject
Global
	GlobalSection(SolutionConfigurationPlatforms) = preSolution
		Debug|Any CPU = Debug|Any CPU
		Release|Any CPU = Release|Any CPU
	EndGlobalSection
	GlobalSection(ProjectConfigurationPlatforms) = postSolution
		{046E42D6-9F38-47ED-8AB5-4BE75D0E63CA}.Debug|Any CPU.ActiveCfg = Debug|Any CPU
		{046E42D6-9F38-47ED-8AB5-4BE75D0E63CA}.Debug|Any CPU.Build.0 = Debug|Any CPU
		{046E42D6-9F38-47ED-8AB5-4BE75D0E63CA}.Release|Any CPU.ActiveCfg = Release|Any CPU
		{046E42D6-9F38-47ED-8AB5-4BE75D0E63CA}.Release|Any CPU.Build.0 = Release|Any CPU
		{B4BBE554-629C-40A8-942D-7C05274C15F2}.Debug|Any CPU.ActiveCfg = Debug|Any CPU
		{B4BBE554-629C-40A8-942D-7C05274C15F2}.Debug|Any CPU.Build.0 = Debug|Any CPU
		{B4BBE554-629C-40A8-942D-7C05274C15F2}.Release|Any CPU.ActiveCfg = Release|Any CPU
		{B4BBE554-629C-40A8-942D-7C05274C15F2}.Release|Any CPU.Build.0 = Release|Any CPU
	EndGlobalSection
	GlobalSection(SolutionProperties) = preSolution
		HideSolutionNode = FALSE
	EndGlobalSection
	GlobalSection(ExtensibilityGlobals) = postSolution
		SolutionGuid = {8C25EE27-97FB-4C37-B0D9-953D60E881C4}
	EndGlobalSection
EndGlobal
